
Microsoft Visual Studio Solution File, Format Version 12.00
# Visual Studio Version 17
VisualStudioVersion = 17.7.34221.43
MinimumVisualStudioVersion = 10.0.40219.1
Project("{9A19103F-16F7-4668-BE54-9A1E7A4F7556}") = "consoleProject", "consoleProject\consoleProject.csproj", "{B370C7C5-51B2-436D-91DE-DF8F609EFADD}"
EndProject
Project("{FAE04EC0-301F-11D3-BF4B-00C04F79EFBC}") = "Task1", "Task1\Task1.csproj", "{E2922D17-F714-453A-AA10-51774C354F2C}"
EndProject
Project("{FAE04EC0-301F-11D3-BF4B-00C04F79EFBC}") = "Task2", "Task2\Task2.csproj", "{58E22E53-B43E-4EA2-ACB4-878406EDB8FD}"
EndProject
Project("{FAE04EC0-301F-11D3-BF4B-00C04F79EFBC}") = "Task3", "Task3\Task3.csproj", "{9246F5A0-6030-4E75-BD28-84D871AAAFDA}"
EndProject
Global
	GlobalSection(SolutionConfigurationPlatforms) = preSolution
		Debug|Any CPU = Debug|Any CPU
		Release|Any CPU = Release|Any CPU
	EndGlobalSection
	GlobalSection(ProjectConfigurationPlatforms) = postSolution
		{B370C7C5-51B2-436D-91DE-DF8F609EFADD}.Debug|Any CPU.ActiveCfg = Debug|Any CPU
		{B370C7C5-51B2-436D-91DE-DF8F609EFADD}.Debug|Any CPU.Build.0 = Debug|Any CPU
		{B370C7C5-51B2-436D-91DE-DF8F609EFADD}.Release|Any CPU.ActiveCfg = Release|Any CPU
		{B370C7C5-51B2-436D-91DE-DF8F609EFADD}.Release|Any CPU.Build.0 = Release|Any CPU
		{E2922D17-F714-453A-AA10-51774C354F2C}.Debug|Any CPU.ActiveCfg = Debug|Any CPU
		{E2922D17-F714-453A-AA10-51774C354F2C}.Debug|Any CPU.Build.0 = Debug|Any CPU
		{E2922D17-F714-453A-AA10-51774C354F2C}.Release|Any CPU.ActiveCfg = Release|Any CPU
		{E2922D17-F714-453A-AA10-51774C354F2C}.Release|Any CPU.Build.0 = Release|Any CPU
		{58E22E53-B43E-4EA2-ACB4-878406EDB8FD}.Debug|Any CPU.ActiveCfg = Debug|Any CPU
		{58E22E53-B43E-4EA2-ACB4-878406EDB8FD}.Debug|Any CPU.Build.0 = Debug|Any CPU
		{58E22E53-B43E-4EA2-ACB4-878406EDB8FD}.Release|Any CPU.ActiveCfg = Release|Any CPU
		{58E22E53-B43E-4EA2-ACB4-878406EDB8FD}.Release|Any CPU.Build.0 = Release|Any CPU
		{9246F5A0-6030-4E75-BD28-84D871AAAFDA}.Debug|Any CPU.ActiveCfg = Debug|Any CPU
		{9246F5A0-6030-4E75-BD28-84D871AAAFDA}.Debug|Any CPU.Build.0 = Debug|Any CPU
		{9246F5A0-6030-4E75-BD28-84D871AAAFDA}.Release|Any CPU.ActiveCfg = Release|Any CPU
		{9246F5A0-6030-4E75-BD28-84D871AAAFDA}.Release|Any CPU.Build.0 = Release|Any CPU
	EndGlobalSection
	GlobalSection(SolutionProperties) = preSolution
		HideSolutionNode = FALSE
	EndGlobalSection
	GlobalSection(ExtensibilityGlobals) = postSolution
		SolutionGuid = {4A30A6F5-5DDD-481D-B3AC-5F59083CA8B0}
	EndGlobalSection
EndGlobal
